dependencies:
  espressif/ble_conn_mgr:
    component_hash: 27aa00708f90ec6d382fd74e19abc3e359b09e9d269e33fae4bcdc03fb6f5df3
    source:
      service_url: https://api.components.espressif.com/
      type: service
    version: 0.1.3
  espressif/ble_ota:
    component_hash: 059214dda94d03d4378201a773124f8efbad17c70b506ff4fbc30d2656e74616
    source:
      service_url: https://api.components.espressif.com/
      type: service
    version: 0.1.14
  espressif/cmake_utilities:
    component_hash: 351350613ceafba240b761b4ea991e0f231ac7a9f59a9ee901f751bddc0bb18f
    source:
      service_url: https://api.components.espressif.com/
      type: service
    version: 0.5.3
  espressif/esp_delta_ota:
    component_hash: 77930340dfec69b8bcd39216a470624821549012f1651fa753f1b10105977c8c
    source:
      service_url: https://api.components.espressif.com/
      type: service
    version: 1.1.2
  espressif/esp_encrypted_img:
    component_hash: 81fdcfd400bddef5e7496f14e075a2bac59d815b6959689db70808ce33fd66df
    source:
      service_url: https://api.components.espressif.com/
      type: service
    version: 2.4.0
  idf:
    component_hash: null
    source:
      type: idf
    version: 5.2.1
manifest_hash: 53078b1a76ea0da1deeda31496fe6efdda58329f3cb5971a83d7891d73991311
target: esp32s3
version: 1.0.0
